github.com/Knetic/govaluate v3.0.0+incompatible h1:7o6+MAPhYTCF0+fdvoz1xDedhRb4f6s9Tn1Tt7/WTEg=
github.com/Knetic/govaluate v3.0.0+incompatible/go.mod h1:r7JcOSlj0wfOMncg0iLm8Leh48TZaKVeNIfJntJ2wa0=
github.com/bcicen/bfstree v1.0.0 h1:Fx9vcyXYspj2GIJqAvd1lwCNI+cQF/r2JJqxHHmsAO0=
github.com/bcicen/bfstree v1.0.0/go.mod h1:u//juIip96SNFkG4iMn9z0KzqLSeFSpBKoBo5ceq1uE=
github.com/bcicen/go-units v1.0.5 h1:gfeKGDc8JgKCFyqxNKPgHc735KH3VW8bnuL5X2y2up4=
github.com/bcicen/go-units v1.0.5/go.mod h1:c7/sSz9cc6XvnrjsyNwoKHqN6KDDf8LME5vSf+U5Y08=
github.com/boynton/repl v0.0.0-20170116235056-348863958e3e h1:lFJi7V/jlH3FDeZxW0o/oMfKAjPyc/yifX2z8eBeLt8=
github.com/boynton/repl v0.0.0-20170116235056-348863958e3e/go.mod h1:Crc/GCZ3NXDVCio7Yr0o+SSrytpcFhLmVCIzi0s49t4=
github.com/davecgh/go-spew v1.1.1 h1:vj9j/u1bqnvCEfJOwUhtlOARqs3+rkHYY13jYWTU97c=
github.com/davecgh/go-spew v1.1.1/go.mod h1:J7Y8YcW2NihsgmVo/mv3lAwl/skON4iLHjSsI+c5H38=
github.com/joomcode/errorx v1.1.0 h1:dizuSG6yHzlvXOOGHW00gwsmM4Sb9x/yWEfdtPztqcs=
github.com/joomcode/errorx v1.1.0/go.mod h1:eQzdtdlNyN7etw6YCS4W4+lu442waxZYw5yvz0ULrRo=
github.com/kardianos/osext v0.0.0-20190222173326-2bc1f35cddc0 h1:iQTw/8FWTuc7uiaSepXwyf3o52HaUYcV+Tu66S3F5GA=
github.com/kardianos/osext v0.0.0-20190222173326-2bc1f35cddc0/go.mod h1:1NbS8ALrpOvjt0rHPNLyCIeMtbizbir8U//inJ+zuB8=
github.com/pmezard/go-difflib v1.0.0 h1:4DBwDE0NGyQoBHbLQYPwSUPoCMWR5BEzIk/f1lZbAQM=
github.com/pmezard/go-difflib v1.0.0/go.mod h1:iKH77koFhYxTK1pcRnkKkqfTogsbg7gZNVY4sRDYZ/4=
github.com/sevlyar/go-daemon v0.1.6 h1:EUh1MDjEM4BI109Jign0EaknA2izkOyi0LV3ro3QQGs=
github.com/sevlyar/go-daemon v0.1.6/go.mod h1:6dJpPatBT9eUwM5VCw9Bt6CdX9Tk6UWvhW3MebLDRKE=
github.com/stretchr/testify v1.2.2/go.mod h1:a8OnRcib4nhh0OaRAV+Yts87kKdq0PP7pXfy6kDkUVs=
github.com/stretchr/testify v1.7.1 h1:5TQK59W5E3v0r2duFAb7P95B6hEeOyEnHRa8MjYSMTY=
golang.org/x/sys v0.8.0 h1:EBmGv8NaZBZTWvrbjNoL6HVt+IVy3QDQpJs7VRIw3tU=
golang.org/x/sys v0.8.0/go.mod h1:oPkhp1MJrh7nUepCBck5+mAzfO9JrbApNNgaTdGDITg=
gopkg.in/yaml.v3 v3.0.0-20200313102051-9f266ea9e77c h1:dUUwHk2QECo/6vqA44rthZ8ie2QXMNeKRTHCNY2nXvo=
